
Microsoft Visual Studio Solution File, Format Version 12.00
# Visual Studio Version 17
VisualStudioVersion = 17.8.34316.72
MinimumVisualStudioVersion = 10.0.40219.1
Project("{FAE04EC0-301F-11D3-BF4B-00C04F79EFBC}") = "ConsoleApp", "ConsoleApp\ConsoleApp.csproj", "{EEE49298-8B90-4C14-A8D3-DD94E7CBA71C}"
EndProject
Project("{F2A71F9B-5D33-465A-A702-920D77279786}") = "WebApi", "WebApi\WebApi.fsproj", "{DB3118E5-DAA4-4BCC-B1FD-BF6A5B794AE6}"
EndProject
Global
	GlobalSection(SolutionConfigurationPlatforms) = preSolution
		Debug|Any CPU = Debug|Any CPU
		Release|Any CPU = Release|Any CPU
	EndGlobalSection
	GlobalSection(ProjectConfigurationPlatforms) = postSolution
		{EEE49298-8B90-4C14-A8D3-DD94E7CBA71C}.Debug|Any CPU.ActiveCfg = Debug|Any CPU
		{EEE49298-8B90-4C14-A8D3-DD94E7CBA71C}.Debug|Any CPU.Build.0 = Debug|Any CPU
		{EEE49298-8B90-4C14-A8D3-DD94E7CBA71C}.Release|Any CPU.ActiveCfg = Release|Any CPU
		{EEE49298-8B90-4C14-A8D3-DD94E7CBA71C}.Release|Any CPU.Build.0 = Release|Any CPU
		{DB3118E5-DAA4-4BCC-B1FD-BF6A5B794AE6}.Debug|Any CPU.ActiveCfg = Debug|Any CPU
		{DB3118E5-DAA4-4BCC-B1FD-BF6A5B794AE6}.Debug|Any CPU.Build.0 = Debug|Any CPU
		{DB3118E5-DAA4-4BCC-B1FD-BF6A5B794AE6}.Release|Any CPU.ActiveCfg = Release|Any CPU
		{DB3118E5-DAA4-4BCC-B1FD-BF6A5B794AE6}.Release|Any CPU.Build.0 = Release|Any CPU
	EndGlobalSection
	GlobalSection(SolutionProperties) = preSolution
		HideSolutionNode = FALSE
	EndGlobalSection
	GlobalSection(ExtensibilityGlobals) = postSolution
		SolutionGuid = {FD14FD2F-6657-4B72-9FE1-647F4333AAE5}
	EndGlobalSection
EndGlobal
